
Microsoft Visual Studio Solution File, Format Version 12.00
# Visual Studio Version 16
VisualStudioVersion = 16.0.29215.179
MinimumVisualStudioVersion = 10.0.40219.1
Project("{9A19103F-16F7-4668-BE54-9A1E7A4F7556}") = "TalkToApi", "TalkToApi\TalkToApi.csproj", "{E5B67B63-F5BF-469F-8682-500D52C0A20D}"
EndProject
Project("{FAE04EC0-301F-11D3-BF4B-00C04F79EFBC}") = "TalkToWeb", "TalkToWeb\TalkToWeb.csproj", "{B1F5B53C-1A57-4EC5-8434-8B62630CF421}"
EndProject
Global
	GlobalSection(SolutionConfigurationPlatforms) = preSolution
		Debug|Any CPU = Debug|Any CPU
		Release|Any CPU = Release|Any CPU
	EndGlobalSection
	GlobalSection(ProjectConfigurationPlatforms) = postSolution
		{E5B67B63-F5BF-469F-8682-500D52C0A20D}.Debug|Any CPU.ActiveCfg = Debug|Any CPU
		{E5B67B63-F5BF-469F-8682-500D52C0A20D}.Debug|Any CPU.Build.0 = Debug|Any CPU
		{E5B67B63-F5BF-469F-8682-500D52C0A20D}.Release|Any CPU.ActiveCfg = Release|Any CPU
		{E5B67B63-F5BF-469F-8682-500D52C0A20D}.Release|Any CPU.Build.0 = Release|Any CPU
		{B1F5B53C-1A57-4EC5-8434-8B62630CF421}.Debug|Any CPU.ActiveCfg = Debug|Any CPU
		{B1F5B53C-1A57-4EC5-8434-8B62630CF421}.Debug|Any CPU.Build.0 = Debug|Any CPU
		{B1F5B53C-1A57-4EC5-8434-8B62630CF421}.Release|Any CPU.ActiveCfg = Release|Any CPU
		{B1F5B53C-1A57-4EC5-8434-8B62630CF421}.Release|Any CPU.Build.0 = Release|Any CPU
	EndGlobalSection
	GlobalSection(SolutionProperties) = preSolution
		HideSolutionNode = FALSE
	EndGlobalSection
	GlobalSection(ExtensibilityGlobals) = postSolution
		SolutionGuid = {1B1A610A-4410-4E16-ACC0-67071FB87D41}
	EndGlobalSection
EndGlobal
